
Microsoft Visual Studio Solution File, Format Version 12.00
# Visual Studio 15
VisualStudioVersion = 15.0.27130.2036
MinimumVisualStudioVersion = 10.0.40219.1
Project("{9A19103F-16F7-4668-BE54-9A1E7A4F7556}") = "Swis.Runtime", "Swis.Runtime\Swis.Runtime.csproj", "{306C1217-B205-4123-8B57-A413E49B4CA5}"
EndProject
Project("{9A19103F-16F7-4668-BE54-9A1E7A4F7556}") = "Test", "Test\Test.csproj", "{880BD934-DAAE-43E1-AE77-74B914DEBA47}"
EndProject
Project("{9A19103F-16F7-4668-BE54-9A1E7A4F7556}") = "Swis.Development", "Swis.Development\Swis.Development.csproj", "{EC1E830D-1456-4D56-9253-EF4BA27B6DD4}"
EndProject
Project("{FAE04EC0-301F-11D3-BF4B-00C04F79EFBC}") = "Swis.WpfDebugger", "Swis.WpfDebugger\Swis.WpfDebugger.csproj", "{5582A013-FFB3-4296-A661-98C6CCAF1945}"
EndProject
Global
	GlobalSection(SolutionConfigurationPlatforms) = preSolution
		Debug|Any CPU = Debug|Any CPU
		Release|Any CPU = Release|Any CPU
	EndGlobalSection
	GlobalSection(ProjectConfigurationPlatforms) = postSolution
		{306C1217-B205-4123-8B57-A413E49B4CA5}.Debug|Any CPU.ActiveCfg = Debug|Any CPU
		{306C1217-B205-4123-8B57-A413E49B4CA5}.Debug|Any CPU.Build.0 = Debug|Any CPU
		{306C1217-B205-4123-8B57-A413E49B4CA5}.Release|Any CPU.ActiveCfg = Release|Any CPU
		{306C1217-B205-4123-8B57-A413E49B4CA5}.Release|Any CPU.Build.0 = Release|Any CPU
		{880BD934-DAAE-43E1-AE77-74B914DEBA47}.Debug|Any CPU.ActiveCfg = Debug|Any CPU
		{880BD934-DAAE-43E1-AE77-74B914DEBA47}.Debug|Any CPU.Build.0 = Debug|Any CPU
		{880BD934-DAAE-43E1-AE77-74B914DEBA47}.Release|Any CPU.ActiveCfg = Release|Any CPU
		{880BD934-DAAE-43E1-AE77-74B914DEBA47}.Release|Any CPU.Build.0 = Release|Any CPU
		{EC1E830D-1456-4D56-9253-EF4BA27B6DD4}.Debug|Any CPU.ActiveCfg = Debug|Any CPU
		{EC1E830D-1456-4D56-9253-EF4BA27B6DD4}.Debug|Any CPU.Build.0 = Debug|Any CPU
		{EC1E830D-1456-4D56-9253-EF4BA27B6DD4}.Release|Any CPU.ActiveCfg = Release|Any CPU
		{EC1E830D-1456-4D56-9253-EF4BA27B6DD4}.Release|Any CPU.Build.0 = Release|Any CPU
		{5582A013-FFB3-4296-A661-98C6CCAF1945}.Debug|Any CPU.ActiveCfg = Debug|Any CPU
		{5582A013-FFB3-4296-A661-98C6CCAF1945}.Debug|Any CPU.Build.0 = Debug|Any CPU
		{5582A013-FFB3-4296-A661-98C6CCAF1945}.Release|Any CPU.ActiveCfg = Release|Any CPU
		{5582A013-FFB3-4296-A661-98C6CCAF1945}.Release|Any CPU.Build.0 = Release|Any CPU
	EndGlobalSection
	GlobalSection(SolutionProperties) = preSolution
		HideSolutionNode = FALSE
	EndGlobalSection
	GlobalSection(ExtensibilityGlobals) = postSolution
		SolutionGuid = {D84CD382-9544-4A08-9994-A30053AE2052}
	EndGlobalSection
EndGlobal
